PODS:
  - SQLiteORM (0.1.0-beta7):
    - SQLiteORM/system (= 0.1.0-beta7)
  - SQLiteORM/common (0.1.0-beta7)
  - SQLiteORM/system (0.1.0-beta7):
    - SQLiteORM/common

DEPENDENCIES:
  - SQLiteORM (from `../`)

EXTERNAL SOURCES:
  SQLiteORM:
    :path: "../"

SPEC CHECKSUMS:
  SQLiteORM: ca7a856fbfd03a75d2e6b4f7e4b37730a2b62d47

PODFILE CHECKSUM: 455c597c68e27aa490edc50e008d2e593dd447b0

COCOAPODS: 1.9.1
