PODS:
  - AnyCoder (0.1.1):
    - Runtime
  - Runtime (2.2.2)
  - SQLCipher (4.4.0):
    - SQLCipher/standard (= 4.4.0)
  - SQLCipher/common (4.4.0)
  - SQLCipher/standard (4.4.0):
    - SQLCipher/common
  - SQLiteORM (0.1.4):
    - SQLiteORM/cipher (= 0.1.4)
  - SQLiteORM/cipher (0.1.4):
    - SQLCipher
    - SQLiteORM/core
    - SQLiteORM/fts
    - SQLiteORM/util
  - SQLiteORM/core (0.1.4):
    - AnyCoder (~> 0.1.1-beta1)
  - SQLiteORM/fts (0.1.4):
    - SQLiteORM/core
  - SQLiteORM/util (0.1.4)

DEPENDENCIES:
  - AnyCoder (from `../../AnyCoder`)
  - SQLiteORM (from `../`)

SPEC REPOS:
  trunk:
    - Runtime
    - SQLCipher

EXTERNAL SOURCES:
  AnyCoder:
    :path: "../../AnyCoder"
  SQLiteORM:
    :path: "../"

SPEC CHECKSUMS:
  AnyCoder: f7ff281fd899268567cee517c8a13ddacc023db5
  Runtime: 67741bd196fb4ad821c4d259ccc527bf734d8806
  SQLCipher: e434ed542b24f38ea7b36468a13f9765e1b5c072
  SQLiteORM: 5a630786bae5e34ad23ff54856755035f4354530

PODFILE CHECKSUM: a0c1d45dffb705c97a929e039f73ec9e27460591

COCOAPODS: 1.11.3
